<Solution>
  <Configurations>
    <Platform Name="x64" />
    <Platform Name="x86" />
  </Configurations>
  <Project Path="../Class1th (single Linked List/Class1th (single Linked List.vcxproj" Id="554a8f58-af5f-4ec2-a9c4-e7b6bd105931" />
  <Project Path="Program.vcxproj" Id="9cace9ad-fd7c-45ee-bef9-93c65dd1112f" />
</Solution>
